// !$*UTF8*$!
{
	archiveVersion = 1;
	classes = {
	};
	objectVersion = 46;
	objects = {

/* Begin PBXBuildFile section */
		CBB158D11B69A3A3004DF3EA /* main.m in Sources */ = {isa = PBXBuildFile; fileRef = CBB158D01B69A3A3004DF3EA /* main.m */; };
		CBB158D41B69A3A3004DF3EA /* AppDelegate.m in Sources */ = {isa = PBXBuildFile; fileRef = CBB158D31B69A3A3004DF3EA /* AppDelegate.m */; };
		CBB158DA1B69A3A3004DF3EA /* Main.storyboard in Resources */ = {isa = PBXBuildFile; fileRef = CBB158D81B69A3A3004DF3EA /* Main.storyboard */; };
		CBB158DC1B69A3A3004DF3EA /* Images.xcassets in Resources */ = {isa = PBXBuildFile; fileRef = CBB158DB1B69A3A3004DF3EA /* Images.xcassets */; };
		CBB158EB1B69A3A4004DF3EA /* ChecklistsTests.m in Sources */ = {isa = PBXBuildFile; fileRef = CBB158EA1B69A3A4004DF3EA /* ChecklistsTests.m */; };
		CBB158F91B69A5F2004DF3EA /* ChecklistsViewController.m in Sources */ = {isa = PBXBuildFile; fileRef = CBB158F81B69A5F2004DF3EA /* ChecklistsViewController.m */; };
		CBB417661B6A0AB800E52F67 /* ChecklistItem.m in Sources */ = {isa = PBXBuildFile; fileRef = CBB417651B6A0AB800E52F67 /* ChecklistItem.m */; };
		CBF4BE8E1B6F116B00782360 /* itemDetailViewController.m in Sources */ = {isa = PBXBuildFile; fileRef = CBF4BE8D1B6F116B00782360 /* itemDetailViewController.m */; };
/* End PBXBuildFile section */

/* Begin PBXContainerItemProxy section */
		CBB158E51B69A3A4004DF3EA /* PBXContainerItemProxy */ = {
			isa = PBXContainerItemProxy;
			containerPortal = CBB158C31B69A3A3004DF3EA /* Project object */;
			proxyType = 1;
			remoteGlobalIDString = CBB158CA1B69A3A3004DF3EA;
			remoteInfo = Checklists;
		};
/* End PBXContainerItemProxy section */

/* Begin PBXFileReference section */
		CBB158CB1B69A3A3004DF3EA /* Checklists.app */ = {isa = PBXFileReference; explicitFileType = wrapper.application; includeInIndex = 0; path = Checklists.app; sourceTree = BUILT_PRODUCTS_DIR; };
		CBB158CF1B69A3A3004DF3EA /* Info.plist */ = {isa = PBXFileReference; lastKnownFileType = text.plist.xml; path = Info.plist; sourceTree = "<group>"; };
		CBB158D01B69A3A3004DF3EA /* main.m */ = {isa = PBXFileReference; lastKnownFileType = sourcecode.c.objc; path = main.m; sourceTree = "<group>"; };
		CBB158D21B69A3A3004DF3EA /* AppDelegate.h */ = {isa = PBXFileReference; lastKnownFileType = sourcecode.c.h; path = AppDelegate.h; sourceTree = "<group>"; };
		CBB158D31B69A3A3004DF3EA /* AppDelegate.m */ = {isa = PBXFileReference; lastKnownFileType = sourcecode.c.objc; path = AppDelegate.m; sourceTree = "<group>"; };
		CBB158D91B69A3A3004DF3EA /* Base */ = {isa = PBXFileReference; lastKnownFileType = file.storyboard; name = Base; path = Base.lproj/Main.storyboard; sourceTree = "<group>"; };
		CBB158DB1B69A3A3004DF3EA /* Images.xcassets */ = {isa = PBXFileReference; lastKnownFileType = folder.assetcatalog; path = Images.xcassets; sourceTree = "<group>"; };
		CBB158E41B69A3A4004DF3EA /* ChecklistsTests.xctest */ = {isa = PBXFileReference; explicitFileType = wrapper.cfbundle; includeInIndex = 0; path = ChecklistsTests.xctest; sourceTree = BUILT_PRODUCTS_DIR; };
		CBB158E91B69A3A4004DF3EA /* Info.plist */ = {isa = PBXFileReference; lastKnownFileType = text.plist.xml; path = Info.plist; sourceTree = "<group>"; };
		CBB158EA1B69A3A4004DF3EA /* ChecklistsTests.m */ = {isa = PBXFileReference; lastKnownFileType = sourcecode.c.objc; path = ChecklistsTests.m; sourceTree = "<group>"; };
		CBB158F71B69A5F2004DF3EA /* ChecklistsViewController.h */ = {isa = PBXFileReference; fileEncoding = 4; lastKnownFileType = sourcecode.c.h; path = ChecklistsViewController.h; sourceTree = "<group>"; };
		CBB158F81B69A5F2004DF3EA /* ChecklistsViewController.m */ = {isa = PBXFileReference; fileEncoding = 4; lastKnownFileType = sourcecode.c.objc; path = ChecklistsViewController.m; sourceTree = "<group>"; };
		CBB417641B6A0AB800E52F67 /* ChecklistItem.h */ = {isa = PBXFileReference; fileEncoding = 4; lastKnownFileType = sourcecode.c.h; name = ChecklistItem.h; path = Model/ChecklistItem.h; sourceTree = "<group>"; };
		CBB417651B6A0AB800E52F67 /* ChecklistItem.m */ = {isa = PBXFileReference; fileEncoding = 4; lastKnownFileType = sourcecode.c.objc; name = ChecklistItem.m; path = Model/ChecklistItem.m; sourceTree = "<group>"; };
		CBF4BE8C1B6F116B00782360 /* itemDetailViewController.h */ = {isa = PBXFileReference; fileEncoding = 4; lastKnownFileType = sourcecode.c.h; path = itemDetailViewController.h; sourceTree = "<group>"; };
		CBF4BE8D1B6F116B00782360 /* itemDetailViewController.m */ = {isa = PBXFileReference; fileEncoding = 4; lastKnownFileType = sourcecode.c.objc; path = itemDetailViewController.m; sourceTree = "<group>"; };
/* End PBXFileReference section */

/* Begin PBXFrameworksBuildPhase section */
		CBB158C81B69A3A3004DF3EA /* Frameworks */ = {
			isa = PBXFrameworksBuildPhase;
			buildActionMask = 2147483647;
			files = (
			);
			runOnlyForDeploymentPostprocessing = 0;
		};
		CBB158E11B69A3A4004DF3EA /* Frameworks */ = {
			isa = PBXFrameworksBuildPhase;
			buildActionMask = 2147483647;
			files = (
			);
			runOnlyForDeploymentPostprocessing = 0;
		};
/* End PBXFrameworksBuildPhase section */

/* Begin PBXGroup section */
		CBB158C21B69A3A3004DF3EA = {
			isa = PBXGroup;
			children = (
				CBB158CD1B69A3A3004DF3EA /* Checklists */,
				CBB158E71B69A3A4004DF3EA /* ChecklistsTests */,
				CBB158CC1B69A3A3004DF3EA /* Products */,
			);
			sourceTree = "<group>";
		};
		CBB158CC1B69A3A3004DF3EA /* Products */ = {
			isa = PBXGroup;
			children = (
				CBB158CB1B69A3A3004DF3EA /* Checklists.app */,
				CBB158E41B69A3A4004DF3EA /* ChecklistsTests.xctest */,
			);
			name = Products;
			sourceTree = "<group>";
		};
		CBB158CD1B69A3A3004DF3EA /* Checklists */ = {
			isa = PBXGroup;
			children = (
				CBB158F71B69A5F2004DF3EA /* ChecklistsViewController.h */,
				CBB158F81B69A5F2004DF3EA /* ChecklistsViewController.m */,
				CBF4BE8C1B6F116B00782360 /* itemDetailViewController.h */,
				CBF4BE8D1B6F116B00782360 /* itemDetailViewController.m */,
				CBB158D81B69A3A3004DF3EA /* Main.storyboard */,
				CBB417671B6A0B4B00E52F67 /* Model */,
				CBB158CE1B69A3A3004DF3EA /* Supporting Files */,
			);
			path = Checklists;
			sourceTree = "<group>";
		};
		CBB158CE1B69A3A3004DF3EA /* Supporting Files */ = {
			isa = PBXGroup;
			children = (
				CBB158DB1B69A3A3004DF3EA /* Images.xcassets */,
				CBB158D21B69A3A3004DF3EA /* AppDelegate.h */,
				CBB158D31B69A3A3004DF3EA /* AppDelegate.m */,
				CBB158CF1B69A3A3004DF3EA /* Info.plist */,
				CBB158D01B69A3A3004DF3EA /* main.m */,
			);
			name = "Supporting Files";
			sourceTree = "<group>";
		};
		CBB158E71B69A3A4004DF3EA /* ChecklistsTests */ = {
			isa = PBXGroup;
			children = (
				CBB158EA1B69A3A4004DF3EA /* ChecklistsTests.m */,
				CBB158E81B69A3A4004DF3EA /* Supporting Files */,
			);
			path = ChecklistsTests;
			sourceTree = "<group>";
		};
		CBB158E81B69A3A4004DF3EA /* Supporting Files */ = {
			isa = PBXGroup;
			children = (
				CBB158E91B69A3A4004DF3EA /* Info.plist */,
			);
			name = "Supporting Files";
			sourceTree = "<group>";
		};
		CBB417671B6A0B4B00E52F67 /* Model */ = {
			isa = PBXGroup;
			children = (
				CBB417641B6A0AB800E52F67 /* ChecklistItem.h */,
				CBB417651B6A0AB800E52F67 /* ChecklistItem.m */,
			);
			name = Model;
			sourceTree = "<group>";
		};
/* End PBXGroup section */

/* Begin PBXNativeTarget section */
		CBB158CA1B69A3A3004DF3EA /* Checklists */ = {
			isa = PBXNativeTarget;
			buildConfigurationList = CBB158EE1B69A3A4004DF3EA /* Build configuration list for PBXNativeTarget "Checklists" */;
			buildPhases = (
				CBB158C71B69A3A3004DF3EA /* Sources */,
				CBB158C81B69A3A3004DF3EA /* Frameworks */,
				CBB158C91B69A3A3004DF3EA /* Resources */,
			);
			buildRules = (
			);
			dependencies = (
			);
			name = Checklists;
			productName = Checklists;
			productReference = CBB158CB1B69A3A3004DF3EA /* Checklists.app */;
			productType = "com.apple.product-type.application";
		};
		CBB158E31B69A3A4004DF3EA /* ChecklistsTests */ = {
			isa = PBXNativeTarget;
			buildConfigurationList = CBB158F11B69A3A4004DF3EA /* Build configuration list for PBXNativeTarget "ChecklistsTests" */;
			buildPhases = (
				CBB158E01B69A3A4004DF3EA /* Sources */,
				CBB158E11B69A3A4004DF3EA /* Frameworks */,
				CBB158E21B69A3A4004DF3EA /* Resources */,
			);
			buildRules = (
			);
			dependencies = (
				CBB158E61B69A3A4004DF3EA /* PBXTargetDependency */,
			);
			name = ChecklistsTests;
			productName = ChecklistsTests;
			productReference = CBB158E41B69A3A4004DF3EA /* ChecklistsTests.xctest */;
			productType = "com.apple.product-type.bundle.unit-test";
		};
/* End PBXNativeTarget section */

/* Begin PBXProject section */
		CBB158C31B69A3A3004DF3EA /* Project object */ = {
			isa = PBXProject;
			attributes = {
				LastUpgradeCheck = 0640;
				ORGANIZATIONNAME = "zhu yongxuan";
				TargetAttributes = {
					CBB158CA1B69A3A3004DF3EA = {
						CreatedOnToolsVersion = 6.4;
					};
					CBB158E31B69A3A4004DF3EA = {
						CreatedOnToolsVersion = 6.4;
						TestTargetID = CBB158CA1B69A3A3004DF3EA;
					};
				};
			};
			buildConfigurationList = CBB158C61B69A3A3004DF3EA /* Build configuration list for PBXProject "Checklists" */;
			compatibilityVersion = "Xcode 3.2";
			developmentRegion = English;
			hasScannedForEncodings = 0;
			knownRegions = (
				en,
				Base,
			);
			mainGroup = CBB158C21B69A3A3004DF3EA;
			productRefGroup = CBB158CC1B69A3A3004DF3EA /* Products */;
			projectDirPath = "";
			projectRoot = "";
			targets = (
				CBB158CA1B69A3A3004DF3EA /* Checklists */,
				CBB158E31B69A3A4004DF3EA /* ChecklistsTests */,
			);
		};
/* End PBXProject section */

/* Begin PBXResourcesBuildPhase section */
		CBB158C91B69A3A3004DF3EA /* Resources */ = {
			isa = PBXResourcesBuildPhase;
			buildActionMask = 2147483647;
			files = (
				CBB158DA1B69A3A3004DF3EA /* Main.storyboard in Resources */,
				CBB158DC1B69A3A3004DF3EA /* Images.xcassets in Resources */,
			);
			runOnlyForDeploymentPostprocessing = 0;
		};
		CBB158E21B69A3A4004DF3EA /* Resources */ = {
			isa = PBXResourcesBuildPhase;
			buildActionMask = 2147483647;
			files = (
			);
			runOnlyForDeploymentPostprocessing = 0;
		};
/* End PBXResourcesBuildPhase section */

/* Begin PBXSourcesBuildPhase section */
		CBB158C71B69A3A3004DF3EA /* Sources */ = {
			isa = PBXSourcesBuildPhase;
			buildActionMask = 2147483647;
			files = (
				CBB158D41B69A3A3004DF3EA /* AppDelegate.m in Sources */,
				CBB158D11B69A3A3004DF3EA /* main.m in Sources */,
				CBB158F91B69A5F2004DF3EA /* ChecklistsViewController.m in Sources */,
				CBF4BE8E1B6F116B00782360 /* itemDetailViewController.m in Sources */,
				CBB417661B6A0AB800E52F67 /* ChecklistItem.m in Sources */,
			);
			runOnlyForDeploymentPostprocessing = 0;
		};
		CBB158E01B69A3A4004DF3EA /* Sources */ = {
			isa = PBXSourcesBuildPhase;
			buildActionMask = 2147483647;
			files = (
				CBB158EB1B69A3A4004DF3EA /* ChecklistsTests.m in Sources */,
			);
			runOnlyForDeploymentPostprocessing = 0;
		};
/* End PBXSourcesBuildPhase section */

/* Begin PBXTargetDependency section */
		CBB158E61B69A3A4004DF3EA /* PBXTargetDependency */ = {
			isa = PBXTargetDependency;
			target = CBB158CA1B69A3A3004DF3EA /* Checklists */;
			targetProxy = CBB158E51B69A3A4004DF3EA /* PBXContainerItemProxy */;
		};
/* End PBXTargetDependency section */

/* Begin PBXVariantGroup section */
		CBB158D81B69A3A3004DF3EA /* Main.storyboard */ = {
			isa = PBXVariantGroup;
			children = (
				CBB158D91B69A3A3004DF3EA /* Base */,
			);
			name = Main.storyboard;
			sourceTree = "<group>";
		};
/* End PBXVariantGroup section */

/* Begin XCBuildConfiguration section */
		CBB158EC1B69A3A4004DF3EA /* Debug */ = {
			isa = XCBuildConfiguration;
			buildSettings = {
				ALWAYS_SEARCH_USER_PATHS = NO;
				CLANG_CXX_LANGUAGE_STANDARD = "gnu++0x";
				CLANG_CXX_LIBRARY = "libc++";
				CLANG_ENABLE_MODULES = YES;
				CLANG_ENABLE_OBJC_ARC = YES;
				CLANG_WARN_BOOL_CONVERSION = YES;
				CLANG_WARN_CONSTANT_CONVERSION = YES;
				CLANG_WARN_DIRECT_OBJC_ISA_USAGE = YES_ERROR;
				CLANG_WARN_EMPTY_BODY = YES;
				CLANG_WARN_ENUM_CONVERSION = YES;
				CLANG_WARN_INT_CONVERSION = YES;
				CLANG_WARN_OBJC_ROOT_CLASS = YES_ERROR;
				CLANG_WARN_UNREACHABLE_CODE = YES;
				CLANG_WARN__DUPLICATE_METHOD_MATCH = YES;
				"CODE_SIGN_IDENTITY[sdk=iphoneos*]" = "iPhone Developer";
				COPY_PHASE_STRIP = NO;
				DEBUG_INFORMATION_FORMAT = "dwarf-with-dsym";
				ENABLE_STRICT_OBJC_MSGSEND = YES;
				GCC_C_LANGUAGE_STANDARD = gnu99;
				GCC_DYNAMIC_NO_PIC = NO;
				GCC_NO_COMMON_BLOCKS = YES;
				GCC_OPTIMIZATION_LEVEL = 0;
				GCC_PREPROCESSOR_DEFINITIONS = (
					"DEBUG=1",
					"$(inherited)",
				);
				GCC_SYMBOLS_PRIVATE_EXTERN = NO;
				GCC_WARN_64_TO_32_BIT_CONVERSION = YES;
				GCC_WARN_ABOUT_RETURN_TYPE = YES_ERROR;
				GCC_WARN_UNDECLARED_SELECTOR = YES;
				GCC_WARN_UNINITIALIZED_AUTOS = YES_AGGRESSIVE;
				GCC_WARN_UNUSED_FUNCTION = YES;
				GCC_WARN_UNUSED_VARIABLE = YES;
				IPHONEOS_DEPLOYMENT_TARGET = 8.4;
				MTL_ENABLE_DEBUG_INFO = YES;
				ONLY_ACTIVE_ARCH = YES;
				SDKROOT = iphoneos;
			};
			name = Debug;
		};
		CBB158ED1B69A3A4004DF3EA /* Release */ = {
			isa = XCBuildConfiguration;
			buildSettings = {
				ALWAYS_SEARCH_USER_PATHS = NO;
				CLANG_CXX_LANGUAGE_STANDARD = "gnu++0x";
				CLANG_CXX_LIBRARY = "libc++";
				CLANG_ENABLE_MODULES = YES;
				CLANG_ENABLE_OBJC_ARC = YES;
				CLANG_WARN_BOOL_CONVERSION = YES;
				CLANG_WARN_CONSTANT_CONVERSION = YES;
				CLANG_WARN_DIRECT_OBJC_ISA_USAGE = YES_ERROR;
				CLANG_WARN_EMPTY_BODY = YES;
				CLANG_WARN_ENUM_CONVERSION = YES;
				CLANG_WARN_INT_CONVERSION = YES;
				CLANG_WARN_OBJC_ROOT_CLASS = YES_ERROR;
				CLANG_WARN_UNREACHABLE_CODE = YES;
				CLANG_WARN__DUPLICATE_METHOD_MATCH = YES;
				"CODE_SIGN_IDENTITY[sdk=iphoneos*]" = "iPhone Developer";
				COPY_PHASE_STRIP = NO;
				DEBUG_INFORMATION_FORMAT = "dwarf-with-dsym";
				ENABLE_NS_ASSERTIONS = NO;
				ENABLE_STRICT_OBJC_MSGSEND = YES;
				GCC_C_LANGUAGE_STANDARD = gnu99;
				GCC_NO_COMMON_BLOCKS = YES;
				GCC_WARN_64_TO_32_BIT_CONVERSION = YES;
				GCC_WARN_ABOUT_RETURN_TYPE = YES_ERROR;
				GCC_WARN_UNDECLARED_SELECTOR = YES;
				GCC_WARN_UNINITIALIZED_AUTOS = YES_AGGRESSIVE;
				GCC_WARN_UNUSED_FUNCTION = YES;
				GCC_WARN_UNUSED_VARIABLE = YES;
				IPHONEOS_DEPLOYMENT_TARGET = 8.4;
				MTL_ENABLE_DEBUG_INFO = NO;
				SDKROOT = iphoneos;
				VALIDATE_PRODUCT = YES;
			};
			name = Release;
		};
		CBB158EF1B69A3A4004DF3EA /* Debug */ = {
			isa = XCBuildConfiguration;
			buildSettings = {
				ASSETCATALOG_COMPILER_APPICON_NAME = AppIcon;
				INFOPLIST_FILE = Checklists/Info.plist;
				IPHONEOS_DEPLOYMENT_TARGET = 8.4;
				LD_RUNPATH_SEARCH_PATHS = "$(inherited) @executable_path/Frameworks";
				PRODUCT_NAME = "$(TARGET_NAME)";
			};
			name = Debug;
		};
		CBB158F01B69A3A4004DF3EA /* Release */ = {
			isa = XCBuildConfiguration;
			buildSettings = {
				ASSETCATALOG_COMPILER_APPICON_NAME = AppIcon;
				INFOPLIST_FILE = Checklists/Info.plist;
				IPHONEOS_DEPLOYMENT_TARGET = 8.4;
				LD_RUNPATH_SEARCH_PATHS = "$(inherited) @executable_path/Frameworks";
				PRODUCT_NAME = "$(TARGET_NAME)";
			};
			name = Release;
		};
		CBB158F21B69A3A4004DF3EA /* Debug */ = {
			isa = XCBuildConfiguration;
			buildSettings = {
				BUNDLE_LOADER = "$(TEST_HOST)";
				FRAMEWORK_SEARCH_PATHS = (
					"$(SDKROOT)/Developer/Library/Frameworks",
					"$(inherited)",
				);
				GCC_PREPROCESSOR_DEFINITIONS = (
					"DEBUG=1",
					"$(inherited)",
				);
				INFOPLIST_FILE = ChecklistsTests/Info.plist;
				LD_RUNPATH_SEARCH_PATHS = "$(inherited) @executable_path/Frameworks @loader_path/Frameworks";
				PRODUCT_NAME = "$(TARGET_NAME)";
				TEST_HOST = "$(BUILT_PRODUCTS_DIR)/Checklists.app/Checklists";
			};
			name = Debug;
		};
		CBB158F31B69A3A4004DF3EA /* Release */ = {
			isa = XCBuildConfiguration;
			buildSettings = {
				BUNDLE_LOADER = "$(TEST_HOST)";
				FRAMEWORK_SEARCH_PATHS = (
					"$(SDKROOT)/Developer/Library/Frameworks",
					"$(inherited)",
				);
				INFOPLIST_FILE = ChecklistsTests/Info.plist;
				LD_RUNPATH_SEARCH_PATHS = "$(inherited) @executable_path/Frameworks @loader_path/Frameworks";
				PRODUCT_NAME = "$(TARGET_NAME)";
				TEST_HOST = "$(BUILT_PRODUCTS_DIR)/Checklists.app/Checklists";
			};
			name = Release;
		};
/* End XCBuildConfiguration section */

/* Begin XCConfigurationList section */
		CBB158C61B69A3A3004DF3EA /* Build configuration list for PBXProject "Checklists" */ = {
			isa = XCConfigurationList;
			buildConfigurations = (
				CBB158EC1B69A3A4004DF3EA /* Debug */,
				CBB158ED1B69A3A4004DF3EA /* Release */,
			);
			defaultConfigurationIsVisible = 0;
			defaultConfigurationName = Release;
		};
		CBB158EE1B69A3A4004DF3EA /* Build configuration list for PBXNativeTarget "Checklists" */ = {
			isa = XCConfigurationList;
			buildConfigurations = (
				CBB158EF1B69A3A4004DF3EA /* Debug */,
				CBB158F01B69A3A4004DF3EA /* Release */,
			);
			defaultConfigurationIsVisible = 0;
			defaultConfigurationName = Release;
		};
		CBB158F11B69A3A4004DF3EA /* Build configuration list for PBXNativeTarget "ChecklistsTests" */ = {
			isa = XCConfigurationList;
			buildConfigurations = (
				CBB158F21B69A3A4004DF3EA /* Debug */,
				CBB158F31B69A3A4004DF3EA /* Release */,
			);
			defaultConfigurationIsVisible = 0;
			defaultConfigurationName = Release;
		};
/* End XCConfigurationList section */
	};
	rootObject = CBB158C31B69A3A3004DF3EA /* Project object */;
}
